
Microsoft Visual Studio Solution File, Format Version 12.00
# Visual Studio Version 16
VisualStudioVersion = 16.0.33214.272
MinimumVisualStudioVersion = 10.0.40219.1
Project("{8BC9CEB8-8B4A-11D0-8D11-00A0C91BC942}") = "k-wave-fluid-omp", "k-wave-fluid-omp.vcxproj", "{8086043C-11EA-442C-8E2D-607D2259FF2D}"
EndProject
Global
	GlobalSection(SolutionConfigurationPlatforms) = preSolution
		Debug|x64 = Debug|x64
		Release|x64 = Release|x64
	EndGlobalSection
	GlobalSection(ProjectConfigurationPlatforms) = postSolution
		{8086043C-11EA-442C-8E2D-607D2259FF2D}.Debug|x64.ActiveCfg = Debug|x64
		{8086043C-11EA-442C-8E2D-607D2259FF2D}.Debug|x64.Build.0 = Debug|x64
		{8086043C-11EA-442C-8E2D-607D2259FF2D}.Release|x64.ActiveCfg = Release|x64
		{8086043C-11EA-442C-8E2D-607D2259FF2D}.Release|x64.Build.0 = Release|x64
	EndGlobalSection
	GlobalSection(SolutionProperties) = preSolution
		HideSolutionNode = FALSE
	EndGlobalSection
	GlobalSection(ExtensibilityGlobals) = postSolution
		SolutionGuid = {43FB1678-1F77-42D3-B0E2-8A18D7899ECF}
	EndGlobalSection
EndGlobal
